PODS:
  - PINCache (2.3)
  - PINOperation (1.1.1)
  - SnapSDK/SCSDKBitmojiKit (1.1.2):
    - PINCache (~> 2.3)
    - PINOperation (~> 1.1)
  - SnapSDK/SCSDKLoginKit (1.1.2)

DEPENDENCIES:
  - SnapSDK/SCSDKBitmojiKit (= 1.1.2)
  - SnapSDK/SCSDKLoginKit (= 1.1.2)

SPEC REPOS:
  https://github.com/cocoapods/specs.git:
    - PINCache
    - PINOperation
    - SnapSDK

SPEC CHECKSUMS:
  PINCache: ce36ed282031b92fc7733ffe831f474ff80fddc2
  PINOperation: a6219e6fc9db9c269eb7a7b871ac193bcf400aac
  SnapSDK: b2cfdf8224a7b3ddf42b2d3389356b80c23c3c0f

PODFILE CHECKSUM: 0700e9410c1b51199048e57110f9b2f3eaf5a399

COCOAPODS: 1.5.3
